
Microsoft Visual Studio Solution File, Format Version 12.00
# Visual Studio Version 16
VisualStudioVersion = 16.0.30011.22
MinimumVisualStudioVersion = 10.0.40219.1
Project("{FAE04EC0-301F-11D3-BF4B-00C04F79EFBC}") = "dfCalc", "calculator1\dfCalc.csproj", "{76BE47D2-FD4D-4CB8-8EF3-29CBEB8E2E7D}"
EndProject
Global
	GlobalSection(SolutionConfigurationPlatforms) = preSolution
		Debug|Any CPU = Debug|Any CPU
		Release|Any CPU = Release|Any CPU
	EndGlobalSection
	GlobalSection(ProjectConfigurationPlatforms) = postSolution
		{76BE47D2-FD4D-4CB8-8EF3-29CBEB8E2E7D}.Debug|Any CPU.ActiveCfg = Debug|Any CPU
		{76BE47D2-FD4D-4CB8-8EF3-29CBEB8E2E7D}.Debug|Any CPU.Build.0 = Debug|Any CPU
		{76BE47D2-FD4D-4CB8-8EF3-29CBEB8E2E7D}.Release|Any CPU.ActiveCfg = Release|Any CPU
		{76BE47D2-FD4D-4CB8-8EF3-29CBEB8E2E7D}.Release|Any CPU.Build.0 = Release|Any CPU
	EndGlobalSection
	GlobalSection(SolutionProperties) = preSolution
		HideSolutionNode = FALSE
	EndGlobalSection
	GlobalSection(ExtensibilityGlobals) = postSolution
		SolutionGuid = {2306CAE0-9244-4312-A975-547D27BA0953}
	EndGlobalSection
EndGlobal
